
Microsoft Visual Studio Solution File, Format Version 12.00
# Visual Studio Version 17
VisualStudioVersion = 17.4.33213.308
MinimumVisualStudioVersion = 10.0.40219.1
Project("{FAE04EC0-301F-11D3-BF4B-00C04F79EFBC}") = "Decorator_PD", "Decorator_PD.csproj", "{F026ACF4-C408-4F1D-A538-A6E2B013F60F}"
EndProject
Global
	GlobalSection(SolutionConfigurationPlatforms) = preSolution
		Debug|Any CPU = Debug|Any CPU
		Release|Any CPU = Release|Any CPU
	EndGlobalSection
	GlobalSection(ProjectConfigurationPlatforms) = postSolution
		{F026ACF4-C408-4F1D-A538-A6E2B013F60F}.Debug|Any CPU.ActiveCfg = Debug|Any CPU
		{F026ACF4-C408-4F1D-A538-A6E2B013F60F}.Debug|Any CPU.Build.0 = Debug|Any CPU
		{F026ACF4-C408-4F1D-A538-A6E2B013F60F}.Release|Any CPU.ActiveCfg = Release|Any CPU
		{F026ACF4-C408-4F1D-A538-A6E2B013F60F}.Release|Any CPU.Build.0 = Release|Any CPU
	EndGlobalSection
	GlobalSection(SolutionProperties) = preSolution
		HideSolutionNode = FALSE
	EndGlobalSection
	GlobalSection(ExtensibilityGlobals) = postSolution
		SolutionGuid = {9AB2D04D-7DB9-498A-9B83-E379C734B598}
	EndGlobalSection
EndGlobal
